
Microsoft Visual Studio Solution File, Format Version 12.00
# Visual Studio 2012
Project("{FAE04EC0-301F-11D3-BF4B-00C04F79EFBC}") = "IS Project", "IS Project\IS Project.csproj", "{0E7FCD8F-82B5-4680-9AFD-E354FC3E6BFD}"
EndProject
Global
	GlobalSection(SolutionConfigurationPlatforms) = preSolution
		Debug|Any CPU = Debug|Any CPU
		Release|Any CPU = Release|Any CPU
	EndGlobalSection
	GlobalSection(ProjectConfigurationPlatforms) = postSolution
		{0E7FCD8F-82B5-4680-9AFD-E354FC3E6BFD}.Debug|Any CPU.ActiveCfg = Debug|Any CPU
		{0E7FCD8F-82B5-4680-9AFD-E354FC3E6BFD}.Debug|Any CPU.Build.0 = Debug|Any CPU
		{0E7FCD8F-82B5-4680-9AFD-E354FC3E6BFD}.Release|Any CPU.ActiveCfg = Release|Any CPU
		{0E7FCD8F-82B5-4680-9AFD-E354FC3E6BFD}.Release|Any CPU.Build.0 = Release|Any CPU
	EndGlobalSection
	GlobalSection(SolutionProperties) = preSolution
		HideSolutionNode = FALSE
	EndGlobalSection
EndGlobal
